
Microsoft Visual Studio Solution File, Format Version 12.00
# Visual Studio Version 17
VisualStudioVersion = 17.7.34221.43
MinimumVisualStudioVersion = 10.0.40219.1
Project("{9A19103F-16F7-4668-BE54-9A1E7A4F7556}") = "TacticsGame", "TacticsGame\TacticsGame.csproj", "{116B9860-37D9-4F3F-B3F0-3758E07A674B}"
EndProject
Project("{9A19103F-16F7-4668-BE54-9A1E7A4F7556}") = "Ecs", "Ecs\Ecs.csproj", "{2DFA57E9-8884-4AB5-821C-2A67D1835A01}"
EndProject
Project("{FAE04EC0-301F-11D3-BF4B-00C04F79EFBC}") = "TacticsGame.Core", "TacticsGame.Core\TacticsGame.Core.csproj", "{173348A6-09FE-4461-8FEB-E5A8A7C6CA17}"
EndProject
Global
	GlobalSection(SolutionConfigurationPlatforms) = preSolution
		Debug|Any CPU = Debug|Any CPU
		Release|Any CPU = Release|Any CPU
	EndGlobalSection
	GlobalSection(ProjectConfigurationPlatforms) = postSolution
		{116B9860-37D9-4F3F-B3F0-3758E07A674B}.Debug|Any CPU.ActiveCfg = Debug|Any CPU
		{116B9860-37D9-4F3F-B3F0-3758E07A674B}.Debug|Any CPU.Build.0 = Debug|Any CPU
		{116B9860-37D9-4F3F-B3F0-3758E07A674B}.Release|Any CPU.ActiveCfg = Release|Any CPU
		{116B9860-37D9-4F3F-B3F0-3758E07A674B}.Release|Any CPU.Build.0 = Release|Any CPU
		{2DFA57E9-8884-4AB5-821C-2A67D1835A01}.Debug|Any CPU.ActiveCfg = Debug|Any CPU
		{2DFA57E9-8884-4AB5-821C-2A67D1835A01}.Debug|Any CPU.Build.0 = Debug|Any CPU
		{2DFA57E9-8884-4AB5-821C-2A67D1835A01}.Release|Any CPU.ActiveCfg = Release|Any CPU
		{2DFA57E9-8884-4AB5-821C-2A67D1835A01}.Release|Any CPU.Build.0 = Release|Any CPU
		{173348A6-09FE-4461-8FEB-E5A8A7C6CA17}.Debug|Any CPU.ActiveCfg = Debug|Any CPU
		{173348A6-09FE-4461-8FEB-E5A8A7C6CA17}.Debug|Any CPU.Build.0 = Debug|Any CPU
		{173348A6-09FE-4461-8FEB-E5A8A7C6CA17}.Release|Any CPU.ActiveCfg = Release|Any CPU
		{173348A6-09FE-4461-8FEB-E5A8A7C6CA17}.Release|Any CPU.Build.0 = Release|Any CPU
	EndGlobalSection
	GlobalSection(SolutionProperties) = preSolution
		HideSolutionNode = FALSE
	EndGlobalSection
	GlobalSection(ExtensibilityGlobals) = postSolution
		SolutionGuid = {F5147FFA-0D2C-43D1-B1A1-41C921B22BDF}
	EndGlobalSection
EndGlobal
